
Microsoft Visual Studio Solution File, Format Version 10.00
# Visual Studio 2008
Project("{FAE04EC0-301F-11D3-BF4B-00C04F79EFBC}") = "Password", "Password.csproj", "{697B97B7-431F-435A-8716-20F4788FC77A}"
EndProject
Global
	GlobalSection(SolutionConfigurationPlatforms) = preSolution
		Debug|Any CPU = Debug|Any CPU
		Release|Any CPU = Release|Any CPU
	EndGlobalSection
	GlobalSection(ProjectConfigurationPlatforms) = postSolution
		{697B97B7-431F-435A-8716-20F4788FC77A}.Debug|Any CPU.ActiveCfg = Debug|Any CPU
		{697B97B7-431F-435A-8716-20F4788FC77A}.Debug|Any CPU.Build.0 = Debug|Any CPU
		{697B97B7-431F-435A-8716-20F4788FC77A}.Release|Any CPU.ActiveCfg = Release|Any CPU
		{697B97B7-431F-435A-8716-20F4788FC77A}.Release|Any CPU.Build.0 = Release|Any CPU
	EndGlobalSection
	GlobalSection(SolutionProperties) = preSolution
		HideSolutionNode = FALSE
	EndGlobalSection
EndGlobal
